
Microsoft Visual Studio Solution File, Format Version 12.00
# Visual Studio Version 16
VisualStudioVersion = 16.0.30011.22
MinimumVisualStudioVersion = 10.0.40219.1
Project("{9A19103F-16F7-4668-BE54-9A1E7A4F7556}") = "Comtrade.Api", "Site.Api\Comtrade.Api.csproj", "{AF63699F-B5F7-462B-A495-F343AA9F4A15}"
EndProject
Project("{9A19103F-16F7-4668-BE54-9A1E7A4F7556}") = "Comtrade.Api.Service", "Site.Api.Service\Comtrade.Api.Service.csproj", "{5B7E24D7-8F72-4309-9867-5691C382C3A2}"
EndProject
Project("{9A19103F-16F7-4668-BE54-9A1E7A4F7556}") = "Comtrade.Api.Core", "Site.Api.Core\Comtrade.Api.Core.csproj", "{DB9C7F44-9158-4499-A5B6-9DF9F6ED3348}"
EndProject
Project("{2150E333-8FDC-42A3-9474-1A3956D46DE8}") = "Solution Items", "Solution Items", "{0D93CE1A-24FF-43D3-B781-9ED97CDCB487}"
	ProjectSection(SolutionItems) = preProject
		.editorconfig = .editorconfig
	EndProjectSection
EndProject
Global
	GlobalSection(SolutionConfigurationPlatforms) = preSolution
		Debug|Any CPU = Debug|Any CPU
		Release|Any CPU = Release|Any CPU
	EndGlobalSection
	GlobalSection(ProjectConfigurationPlatforms) = postSolution
		{AF63699F-B5F7-462B-A495-F343AA9F4A15}.Debug|Any CPU.ActiveCfg = Debug|Any CPU
		{AF63699F-B5F7-462B-A495-F343AA9F4A15}.Debug|Any CPU.Build.0 = Debug|Any CPU
		{AF63699F-B5F7-462B-A495-F343AA9F4A15}.Release|Any CPU.ActiveCfg = Release|Any CPU
		{AF63699F-B5F7-462B-A495-F343AA9F4A15}.Release|Any CPU.Build.0 = Release|Any CPU
		{5B7E24D7-8F72-4309-9867-5691C382C3A2}.Debug|Any CPU.ActiveCfg = Debug|Any CPU
		{5B7E24D7-8F72-4309-9867-5691C382C3A2}.Debug|Any CPU.Build.0 = Debug|Any CPU
		{5B7E24D7-8F72-4309-9867-5691C382C3A2}.Release|Any CPU.ActiveCfg = Release|Any CPU
		{5B7E24D7-8F72-4309-9867-5691C382C3A2}.Release|Any CPU.Build.0 = Release|Any CPU
		{DB9C7F44-9158-4499-A5B6-9DF9F6ED3348}.Debug|Any CPU.ActiveCfg = Debug|Any CPU
		{DB9C7F44-9158-4499-A5B6-9DF9F6ED3348}.Debug|Any CPU.Build.0 = Debug|Any CPU
		{DB9C7F44-9158-4499-A5B6-9DF9F6ED3348}.Release|Any CPU.ActiveCfg = Release|Any CPU
		{DB9C7F44-9158-4499-A5B6-9DF9F6ED3348}.Release|Any CPU.Build.0 = Release|Any CPU
	EndGlobalSection
	GlobalSection(SolutionProperties) = preSolution
		HideSolutionNode = FALSE
	EndGlobalSection
	GlobalSection(ExtensibilityGlobals) = postSolution
		SolutionGuid = {4A6513DC-597F-4FFE-8BF9-2479639EF180}
	EndGlobalSection
EndGlobal
